// !$*UTF8*$!
{
	archiveVersion = 1;
	classes = {
	};
	objectVersion = 46;
	objects = {

/* Begin PBXBuildFile section */
		028A1F0A1F0359800046FA70 /* CircuitViewState.swift in Sources */ = {isa = PBXBuildFile; fileRef = 028A1F091F0359800046FA70 /* CircuitViewState.swift */; };
		028A1F0C1F0360A90046FA70 /* ConnectorNode.swift in Sources */ = {isa = PBXBuildFile; fileRef = 028A1F0B1F0360A90046FA70 /* ConnectorNode.swift */; };
		02E891CF1EFEB4A0006091D7 /* AppDelegate.swift in Sources */ = {isa = PBXBuildFile; fileRef = 02E891CE1EFEB4A0006091D7 /* AppDelegate.swift */; };
		02E891D11EFEB4A0006091D7 /* GameScene.sks in Resources */ = {isa = PBXBuildFile; fileRef = 02E891D01EFEB4A0006091D7 /* GameScene.sks */; };
		02E891D31EFEB4A0006091D7 /* Actions.sks in Resources */ = {isa = PBXBuildFile; fileRef = 02E891D21EFEB4A0006091D7 /* Actions.sks */; };
		02E891D51EFEB4A0006091D7 /* GameScene.swift in Sources */ = {isa = PBXBuildFile; fileRef = 02E891D41EFEB4A0006091D7 /* GameScene.swift */; };
		02E891D71EFEB4A0006091D7 /* ViewController.swift in Sources */ = {isa = PBXBuildFile; fileRef = 02E891D61EFEB4A0006091D7 /* ViewController.swift */; };
		02E891D91EFEB4A0006091D7 /* Assets.xcassets in Resources */ = {isa = PBXBuildFile; fileRef = 02E891D81EFEB4A0006091D7 /* Assets.xcassets */; };
		02E891DC1EFEB4A0006091D7 /* Main.storyboard in Resources */ = {isa = PBXBuildFile; fileRef = 02E891DA1EFEB4A0006091D7 /* Main.storyboard */; };
		02E891E61EFEB517006091D7 /* Component.swift in Sources */ = {isa = PBXBuildFile; fileRef = 02E891E51EFEB517006091D7 /* Component.swift */; };
		02E891E81EFEC72C006091D7 /* Model.swift in Sources */ = {isa = PBXBuildFile; fileRef = 02E891E71EFEC72C006091D7 /* Model.swift */; };
		02E891EA1EFED3DE006091D7 /* ComponentView.swift in Sources */ = {isa = PBXBuildFile; fileRef = 02E891E91EFED3DE006091D7 /* ComponentView.swift */; };
		02E891EC1EFEF225006091D7 /* Event.swift in Sources */ = {isa = PBXBuildFile; fileRef = 02E891EB1EFEF225006091D7 /* Event.swift */; };
/* End PBXBuildFile section */

/* Begin PBXFileReference section */
		028A1F091F0359800046FA70 /* CircuitViewState.swift */ = {isa = PBXFileReference; fileEncoding = 4; lastKnownFileType = sourcecode.swift; path = CircuitViewState.swift; sourceTree = "<group>"; };
		028A1F0B1F0360A90046FA70 /* ConnectorNode.swift */ = {isa = PBXFileReference; fileEncoding = 4; lastKnownFileType = sourcecode.swift; path = ConnectorNode.swift; sourceTree = "<group>"; };
		02E891CB1EFEB4A0006091D7 /* Circuit.app */ = {isa = PBXFileReference; explicitFileType = wrapper.application; includeInIndex = 0; path = Circuit.app; sourceTree = BUILT_PRODUCTS_DIR; };
		02E891CE1EFEB4A0006091D7 /* AppDelegate.swift */ = {isa = PBXFileReference; lastKnownFileType = sourcecode.swift; path = AppDelegate.swift; sourceTree = "<group>"; };
		02E891D01EFEB4A0006091D7 /* GameScene.sks */ = {isa = PBXFileReference; lastKnownFileType = file.sks; path = GameScene.sks; sourceTree = "<group>"; };
		02E891D21EFEB4A0006091D7 /* Actions.sks */ = {isa = PBXFileReference; lastKnownFileType = file.sks; path = Actions.sks; sourceTree = "<group>"; };
		02E891D41EFEB4A0006091D7 /* GameScene.swift */ = {isa = PBXFileReference; lastKnownFileType = sourcecode.swift; path = GameScene.swift; sourceTree = "<group>"; };
		02E891D61EFEB4A0006091D7 /* ViewController.swift */ = {isa = PBXFileReference; lastKnownFileType = sourcecode.swift; path = ViewController.swift; sourceTree = "<group>"; };
		02E891D81EFEB4A0006091D7 /* Assets.xcassets */ = {isa = PBXFileReference; lastKnownFileType = folder.assetcatalog; path = Assets.xcassets; sourceTree = "<group>"; };
		02E891DB1EFEB4A0006091D7 /* Base */ = {isa = PBXFileReference; lastKnownFileType = file.storyboard; name = Base; path = Base.lproj/Main.storyboard; sourceTree = "<group>"; };
		02E891DD1EFEB4A0006091D7 /* Info.plist */ = {isa = PBXFileReference; lastKnownFileType = text.plist.xml; path = Info.plist; sourceTree = "<group>"; };
		02E891E51EFEB517006091D7 /* Component.swift */ = {isa = PBXFileReference; fileEncoding = 4; lastKnownFileType = sourcecode.swift; path = Component.swift; sourceTree = "<group>"; };
		02E891E71EFEC72C006091D7 /* Model.swift */ = {isa = PBXFileReference; fileEncoding = 4; lastKnownFileType = sourcecode.swift; path = Model.swift; sourceTree = "<group>"; };
		02E891E91EFED3DE006091D7 /* ComponentView.swift */ = {isa = PBXFileReference; fileEncoding = 4; lastKnownFileType = sourcecode.swift; path = ComponentView.swift; sourceTree = "<group>"; };
		02E891EB1EFEF225006091D7 /* Event.swift */ = {isa = PBXFileReference; fileEncoding = 4; lastKnownFileType = sourcecode.swift; path = Event.swift; sourceTree = "<group>"; };
/* End PBXFileReference section */

/* Begin PBXFrameworksBuildPhase section */
		02E891C81EFEB4A0006091D7 /* Frameworks */ = {
			isa = PBXFrameworksBuildPhase;
			buildActionMask = 2147483647;
			files = (
			);
			runOnlyForDeploymentPostprocessing = 0;
		};
/* End PBXFrameworksBuildPhase section */

/* Begin PBXGroup section */
		02E891C21EFEB4A0006091D7 = {
			isa = PBXGroup;
			children = (
				02E891CD1EFEB4A0006091D7 /* Circuit */,
				02E891CC1EFEB4A0006091D7 /* Products */,
			);
			sourceTree = "<group>";
		};
		02E891CC1EFEB4A0006091D7 /* Products */ = {
			isa = PBXGroup;
			children = (
				02E891CB1EFEB4A0006091D7 /* Circuit.app */,
			);
			name = Products;
			sourceTree = "<group>";
		};
		02E891CD1EFEB4A0006091D7 /* Circuit */ = {
			isa = PBXGroup;
			children = (
				02E891E41EFEB506006091D7 /* Components */,
				02E891EB1EFEF225006091D7 /* Event.swift */,
				02E891E71EFEC72C006091D7 /* Model.swift */,
				02E891E91EFED3DE006091D7 /* ComponentView.swift */,
				028A1F0B1F0360A90046FA70 /* ConnectorNode.swift */,
				028A1F091F0359800046FA70 /* CircuitViewState.swift */,
				02E891CE1EFEB4A0006091D7 /* AppDelegate.swift */,
				02E891D01EFEB4A0006091D7 /* GameScene.sks */,
				02E891D21EFEB4A0006091D7 /* Actions.sks */,
				02E891D41EFEB4A0006091D7 /* GameScene.swift */,
				02E891D61EFEB4A0006091D7 /* ViewController.swift */,
				02E891D81EFEB4A0006091D7 /* Assets.xcassets */,
				02E891DA1EFEB4A0006091D7 /* Main.storyboard */,
				02E891DD1EFEB4A0006091D7 /* Info.plist */,
			);
			path = Circuit;
			sourceTree = "<group>";
		};
		02E891E41EFEB506006091D7 /* Components */ = {
			isa = PBXGroup;
			children = (
				02E891E51EFEB517006091D7 /* Component.swift */,
			);
			path = Components;
			sourceTree = "<group>";
		};
/* End PBXGroup section */

/* Begin PBXNativeTarget section */
		02E891CA1EFEB4A0006091D7 /* Circuit */ = {
			isa = PBXNativeTarget;
			buildConfigurationList = 02E891E01EFEB4A0006091D7 /* Build configuration list for PBXNativeTarget "Circuit" */;
			buildPhases = (
				02E891C71EFEB4A0006091D7 /* Sources */,
				02E891C81EFEB4A0006091D7 /* Frameworks */,
				02E891C91EFEB4A0006091D7 /* Resources */,
			);
			buildRules = (
			);
			dependencies = (
			);
			name = Circuit;
			productName = Circuit;
			productReference = 02E891CB1EFEB4A0006091D7 /* Circuit.app */;
			productType = "com.apple.product-type.application";
		};
/* End PBXNativeTarget section */

/* Begin PBXProject section */
		02E891C31EFEB4A0006091D7 /* Project object */ = {
			isa = PBXProject;
			attributes = {
				LastSwiftUpdateCheck = 0830;
				LastUpgradeCheck = 0830;
				ORGANIZATIONNAME = "Logan Smith";
				TargetAttributes = {
					02E891CA1EFEB4A0006091D7 = {
						CreatedOnToolsVersion = 8.3.3;
						DevelopmentTeam = 7S85E2DAW8;
						ProvisioningStyle = Automatic;
					};
				};
			};
			buildConfigurationList = 02E891C61EFEB4A0006091D7 /* Build configuration list for PBXProject "Circuit" */;
			compatibilityVersion = "Xcode 3.2";
			developmentRegion = English;
			hasScannedForEncodings = 0;
			knownRegions = (
				en,
				Base,
			);
			mainGroup = 02E891C21EFEB4A0006091D7;
			productRefGroup = 02E891CC1EFEB4A0006091D7 /* Products */;
			projectDirPath = "";
			projectRoot = "";
			targets = (
				02E891CA1EFEB4A0006091D7 /* Circuit */,
			);
		};
/* End PBXProject section */

/* Begin PBXResourcesBuildPhase section */
		02E891C91EFEB4A0006091D7 /* Resources */ = {
			isa = PBXResourcesBuildPhase;
			buildActionMask = 2147483647;
			files = (
				02E891D11EFEB4A0006091D7 /* GameScene.sks in Resources */,
				02E891D91EFEB4A0006091D7 /* Assets.xcassets in Resources */,
				02E891D31EFEB4A0006091D7 /* Actions.sks in Resources */,
				02E891DC1EFEB4A0006091D7 /* Main.storyboard in Resources */,
			);
			runOnlyForDeploymentPostprocessing = 0;
		};
/* End PBXResourcesBuildPhase section */

/* Begin PBXSourcesBuildPhase section */
		02E891C71EFEB4A0006091D7 /* Sources */ = {
			isa = PBXSourcesBuildPhase;
			buildActionMask = 2147483647;
			files = (
				02E891E81EFEC72C006091D7 /* Model.swift in Sources */,
				028A1F0A1F0359800046FA70 /* CircuitViewState.swift in Sources */,
				02E891D71EFEB4A0006091D7 /* ViewController.swift in Sources */,
				02E891EA1EFED3DE006091D7 /* ComponentView.swift in Sources */,
				02E891E61EFEB517006091D7 /* Component.swift in Sources */,
				02E891D51EFEB4A0006091D7 /* GameScene.swift in Sources */,
				02E891EC1EFEF225006091D7 /* Event.swift in Sources */,
				028A1F0C1F0360A90046FA70 /* ConnectorNode.swift in Sources */,
				02E891CF1EFEB4A0006091D7 /* AppDelegate.swift in Sources */,
			);
			runOnlyForDeploymentPostprocessing = 0;
		};
/* End PBXSourcesBuildPhase section */

/* Begin PBXVariantGroup section */
		02E891DA1EFEB4A0006091D7 /* Main.storyboard */ = {
			isa = PBXVariantGroup;
			children = (
				02E891DB1EFEB4A0006091D7 /* Base */,
			);
			name = Main.storyboard;
			sourceTree = "<group>";
		};
/* End PBXVariantGroup section */

/* Begin XCBuildConfiguration section */
		02E891DE1EFEB4A0006091D7 /* Debug */ = {
			isa = XCBuildConfiguration;
			buildSettings = {
				ALWAYS_SEARCH_USER_PATHS = NO;
				CLANG_ANALYZER_NONNULL = YES;
				CLANG_ANALYZER_NUMBER_OBJECT_CONVERSION = YES_AGGRESSIVE;
				CLANG_CXX_LANGUAGE_STANDARD = "gnu++0x";
				CLANG_CXX_LIBRARY = "libc++";
				CLANG_ENABLE_MODULES = YES;
				CLANG_ENABLE_OBJC_ARC = YES;
				CLANG_WARN_BOOL_CONVERSION = YES;
				CLANG_WARN_CONSTANT_CONVERSION = YES;
				CLANG_WARN_DIRECT_OBJC_ISA_USAGE = YES_ERROR;
				CLANG_WARN_DOCUMENTATION_COMMENTS = YES;
				CLANG_WARN_EMPTY_BODY = YES;
				CLANG_WARN_ENUM_CONVERSION = YES;
				CLANG_WARN_INFINITE_RECURSION = YES;
				CLANG_WARN_INT_CONVERSION = YES;
				CLANG_WARN_OBJC_ROOT_CLASS = YES_ERROR;
				CLANG_WARN_SUSPICIOUS_MOVE = YES;
				CLANG_WARN_UNREACHABLE_CODE = YES;
				CLANG_WARN__DUPLICATE_METHOD_MATCH = YES;
				CODE_SIGN_IDENTITY = "-";
				COPY_PHASE_STRIP = NO;
				DEBUG_INFORMATION_FORMAT = dwarf;
				ENABLE_STRICT_OBJC_MSGSEND = YES;
				ENABLE_TESTABILITY = YES;
				GCC_C_LANGUAGE_STANDARD = gnu99;
				GCC_DYNAMIC_NO_PIC = NO;
				GCC_NO_COMMON_BLOCKS = YES;
				GCC_OPTIMIZATION_LEVEL = 0;
				GCC_PREPROCESSOR_DEFINITIONS = (
					"DEBUG=1",
					"$(inherited)",
				);
				GCC_WARN_64_TO_32_BIT_CONVERSION = YES;
				GCC_WARN_ABOUT_RETURN_TYPE = YES_ERROR;
				GCC_WARN_UNDECLARED_SELECTOR = YES;
				GCC_WARN_UNINITIALIZED_AUTOS = YES_AGGRESSIVE;
				GCC_WARN_UNUSED_FUNCTION = YES;
				GCC_WARN_UNUSED_VARIABLE = YES;
				MACOSX_DEPLOYMENT_TARGET = 10.12;
				MTL_ENABLE_DEBUG_INFO = YES;
				ONLY_ACTIVE_ARCH = YES;
				SDKROOT = macosx;
				SWIFT_ACTIVE_COMPILATION_CONDITIONS = DEBUG;
				SWIFT_OPTIMIZATION_LEVEL = "-Onone";
			};
			name = Debug;
		};
		02E891DF1EFEB4A0006091D7 /* Release */ = {
			isa = XCBuildConfiguration;
			buildSettings = {
				ALWAYS_SEARCH_USER_PATHS = NO;
				CLANG_ANALYZER_NONNULL = YES;
				CLANG_ANALYZER_NUMBER_OBJECT_CONVERSION = YES_AGGRESSIVE;
				CLANG_CXX_LANGUAGE_STANDARD = "gnu++0x";
				CLANG_CXX_LIBRARY = "libc++";
				CLANG_ENABLE_MODULES = YES;
				CLANG_ENABLE_OBJC_ARC = YES;
				CLANG_WARN_BOOL_CONVERSION = YES;
				CLANG_WARN_CONSTANT_CONVERSION = YES;
				CLANG_WARN_DIRECT_OBJC_ISA_USAGE = YES_ERROR;
				CLANG_WARN_DOCUMENTATION_COMMENTS = YES;
				CLANG_WARN_EMPTY_BODY = YES;
				CLANG_WARN_ENUM_CONVERSION = YES;
				CLANG_WARN_INFINITE_RECURSION = YES;
				CLANG_WARN_INT_CONVERSION = YES;
				CLANG_WARN_OBJC_ROOT_CLASS = YES_ERROR;
				CLANG_WARN_SUSPICIOUS_MOVE = YES;
				CLANG_WARN_UNREACHABLE_CODE = YES;
				CLANG_WARN__DUPLICATE_METHOD_MATCH = YES;
				CODE_SIGN_IDENTITY = "-";
				COPY_PHASE_STRIP = NO;
				DEBUG_INFORMATION_FORMAT = "dwarf-with-dsym";
				ENABLE_NS_ASSERTIONS = NO;
				ENABLE_STRICT_OBJC_MSGSEND = YES;
				GCC_C_LANGUAGE_STANDARD = gnu99;
				GCC_NO_COMMON_BLOCKS = YES;
				GCC_WARN_64_TO_32_BIT_CONVERSION = YES;
				GCC_WARN_ABOUT_RETURN_TYPE = YES_ERROR;
				GCC_WARN_UNDECLARED_SELECTOR = YES;
				GCC_WARN_UNINITIALIZED_AUTOS = YES_AGGRESSIVE;
				GCC_WARN_UNUSED_FUNCTION = YES;
				GCC_WARN_UNUSED_VARIABLE = YES;
				MACOSX_DEPLOYMENT_TARGET = 10.12;
				MTL_ENABLE_DEBUG_INFO = NO;
				SDKROOT = macosx;
				SWIFT_OPTIMIZATION_LEVEL = "-Owholemodule";
			};
			name = Release;
		};
		02E891E11EFEB4A0006091D7 /* Debug */ = {
			isa = XCBuildConfiguration;
			buildSettings = {
				ASSETCATALOG_COMPILER_APPICON_NAME = AppIcon;
				COMBINE_HIDPI_IMAGES = YES;
				DEVELOPMENT_TEAM = 7S85E2DAW8;
				INFOPLIST_FILE = Circuit/Info.plist;
				LD_RUNPATH_SEARCH_PATHS = "$(inherited) @executable_path/../Frameworks";
				MACOSX_DEPLOYMENT_TARGET = 10.10;
				PRODUCT_BUNDLE_IDENTIFIER = com.brainiumstudios.Circuit;
				PRODUCT_NAME = "$(TARGET_NAME)";
				SWIFT_VERSION = 3.0;
			};
			name = Debug;
		};
		02E891E21EFEB4A0006091D7 /* Release */ = {
			isa = XCBuildConfiguration;
			buildSettings = {
				ASSETCATALOG_COMPILER_APPICON_NAME = AppIcon;
				COMBINE_HIDPI_IMAGES = YES;
				DEVELOPMENT_TEAM = 7S85E2DAW8;
				INFOPLIST_FILE = Circuit/Info.plist;
				LD_RUNPATH_SEARCH_PATHS = "$(inherited) @executable_path/../Frameworks";
				MACOSX_DEPLOYMENT_TARGET = 10.10;
				PRODUCT_BUNDLE_IDENTIFIER = com.brainiumstudios.Circuit;
				PRODUCT_NAME = "$(TARGET_NAME)";
				SWIFT_VERSION = 3.0;
			};
			name = Release;
		};
/* End XCBuildConfiguration section */

/* Begin XCConfigurationList section */
		02E891C61EFEB4A0006091D7 /* Build configuration list for PBXProject "Circuit" */ = {
			isa = XCConfigurationList;
			buildConfigurations = (
				02E891DE1EFEB4A0006091D7 /* Debug */,
				02E891DF1EFEB4A0006091D7 /* Release */,
			);
			defaultConfigurationIsVisible = 0;
			defaultConfigurationName = Release;
		};
		02E891E01EFEB4A0006091D7 /* Build configuration list for PBXNativeTarget "Circuit" */ = {
			isa = XCConfigurationList;
			buildConfigurations = (
				02E891E11EFEB4A0006091D7 /* Debug */,
				02E891E21EFEB4A0006091D7 /* Release */,
			);
			defaultConfigurationIsVisible = 0;
			defaultConfigurationName = Release;
		};
/* End XCConfigurationList section */
	};
	rootObject = 02E891C31EFEB4A0006091D7 /* Project object */;
}
